
Microsoft Visual Studio Solution File, Format Version 12.00
# Visual Studio 15
VisualStudioVersion = 15.0.28307.102
MinimumVisualStudioVersion = 10.0.40219.1
Project("{FAE04EC0-301F-11D3-BF4B-00C04F79EFBC}") = "dev9", "dev9\dev9.csproj", "{DF5188AA-B568-4B56-8270-12D7F6A9C7C6}"
EndProject
Global
	GlobalSection(SolutionConfigurationPlatforms) = preSolution
		Debug|Any CPU = Debug|Any CPU
		Release|Any CPU = Release|Any CPU
	EndGlobalSection
	GlobalSection(ProjectConfigurationPlatforms) = postSolution
		{DF5188AA-B568-4B56-8270-12D7F6A9C7C6}.Debug|Any CPU.ActiveCfg = Debug|Any CPU
		{DF5188AA-B568-4B56-8270-12D7F6A9C7C6}.Debug|Any CPU.Build.0 = Debug|Any CPU
		{DF5188AA-B568-4B56-8270-12D7F6A9C7C6}.Release|Any CPU.ActiveCfg = Release|Any CPU
		{DF5188AA-B568-4B56-8270-12D7F6A9C7C6}.Release|Any CPU.Build.0 = Release|Any CPU
	EndGlobalSection
	GlobalSection(SolutionProperties) = preSolution
		HideSolutionNode = FALSE
	EndGlobalSection
	GlobalSection(ExtensibilityGlobals) = postSolution
		SolutionGuid = {C56426BD-C46E-471B-8330-7A87B8AB6959}
	EndGlobalSection
EndGlobal
